
Microsoft Visual Studio Solution File, Format Version 12.00
# Visual Studio Version 16
VisualStudioVersion = 16.0.34114.132
MinimumVisualStudioVersion = 10.0.40219.1
Project("{FAE04EC0-301F-11D3-BF4B-00C04F79EFBC}") = "Triangle", "Triangle\Triangle.csproj", "{4F8AB411-EBC4-41FC-89ED-D55E66DEEDA7}"
EndProject
Global
	GlobalSection(SolutionConfigurationPlatforms) = preSolution
		Debug|Any CPU = Debug|Any CPU
		Release|Any CPU = Release|Any CPU
	EndGlobalSection
	GlobalSection(ProjectConfigurationPlatforms) = postSolution
		{4F8AB411-EBC4-41FC-89ED-D55E66DEEDA7}.Debug|Any CPU.ActiveCfg = Debug|Any CPU
		{4F8AB411-EBC4-41FC-89ED-D55E66DEEDA7}.Debug|Any CPU.Build.0 = Debug|Any CPU
		{4F8AB411-EBC4-41FC-89ED-D55E66DEEDA7}.Release|Any CPU.ActiveCfg = Release|Any CPU
		{4F8AB411-EBC4-41FC-89ED-D55E66DEEDA7}.Release|Any CPU.Build.0 = Release|Any CPU
	EndGlobalSection
	GlobalSection(SolutionProperties) = preSolution
		HideSolutionNode = FALSE
	EndGlobalSection
	GlobalSection(ExtensibilityGlobals) = postSolution
		SolutionGuid = {31C8AD11-4D69-4D58-A5FE-BA0DF84A9DE5}
	EndGlobalSection
EndGlobal
