
Microsoft Visual Studio Solution File, Format Version 12.00
# Visual Studio Version 16
VisualStudioVersion = 16.0.34114.132
MinimumVisualStudioVersion = 10.0.40219.1
Project("{FAE04EC0-301F-11D3-BF4B-00C04F79EFBC}") = "WindowsFormsApp1", "WindowsFormsApp1\WindowsFormsApp1.csproj", "{BCD3C35B-1745-4F9A-BC17-67804F26E0BC}"
EndProject
Global
	GlobalSection(SolutionConfigurationPlatforms) = preSolution
		Debug|Any CPU = Debug|Any CPU
		Release|Any CPU = Release|Any CPU
	EndGlobalSection
	GlobalSection(ProjectConfigurationPlatforms) = postSolution
		{BCD3C35B-1745-4F9A-BC17-67804F26E0BC}.Debug|Any CPU.ActiveCfg = Debug|Any CPU
		{BCD3C35B-1745-4F9A-BC17-67804F26E0BC}.Debug|Any CPU.Build.0 = Debug|Any CPU
		{BCD3C35B-1745-4F9A-BC17-67804F26E0BC}.Release|Any CPU.ActiveCfg = Release|Any CPU
		{BCD3C35B-1745-4F9A-BC17-67804F26E0BC}.Release|Any CPU.Build.0 = Release|Any CPU
	EndGlobalSection
	GlobalSection(SolutionProperties) = preSolution
		HideSolutionNode = FALSE
	EndGlobalSection
	GlobalSection(ExtensibilityGlobals) = postSolution
		SolutionGuid = {8F634476-512F-458C-899C-4E65CE56F613}
	EndGlobalSection
EndGlobal
